// !$*UTF8*$!
{
	archiveVersion = 1;
	classes = {
	};
	objectVersion = 56;
	objects = {

/* Begin PBXBuildFile section */
		29045819BE9034E89FAFD9C4 /* Pods_NewsApplication.framework in Frameworks */ = {isa = PBXBuildFile; fileRef = F168CF79FBBADD14A26530EB /* Pods_NewsApplication.framework */; };
		34781EFC29486581003E0C70 /* CustomTabBar.swift in Sources */ = {isa = PBXBuildFile; fileRef = 34781EFB29486581003E0C70 /* CustomTabBar.swift */; };
		34781EFE294872E7003E0C70 /* currentWeather.json in Resources */ = {isa = PBXBuildFile; fileRef = 34781EFD294872E7003E0C70 /* currentWeather.json */; };
		34781F0029487302003E0C70 /* forecastWeather.json in Resources */ = {isa = PBXBuildFile; fileRef = 34781EFF29487302003E0C70 /* forecastWeather.json */; };
		34781F0229487382003E0C70 /* NewsSearchView.swift in Sources */ = {isa = PBXBuildFile; fileRef = 34781F0129487382003E0C70 /* NewsSearchView.swift */; };
		34781F042948A5A6003E0C70 /* SettingsView.swift in Sources */ = {isa = PBXBuildFile; fileRef = 34781F032948A5A6003E0C70 /* SettingsView.swift */; };
		34781F062948AB12003E0C70 /* NewsHomeView.swift in Sources */ = {isa = PBXBuildFile; fileRef = 34781F052948AB12003E0C70 /* NewsHomeView.swift */; };
		34781F082948B0AF003E0C70 /* WeatherAPI.swift in Sources */ = {isa = PBXBuildFile; fileRef = 34781F072948B0AF003E0C70 /* WeatherAPI.swift */; };
		34781F0A2948B0D7003E0C70 /* CurrentWeatherData.swift in Sources */ = {isa = PBXBuildFile; fileRef = 34781F092948B0D7003E0C70 /* CurrentWeatherData.swift */; };
		34781F0C2948B0FA003E0C70 /* ForecastWeatherData.swift in Sources */ = {isa = PBXBuildFile; fileRef = 34781F0B2948B0FA003E0C70 /* ForecastWeatherData.swift */; };
		34781F0E2948B1C3003E0C70 /* SimpleWeatherView.swift in Sources */ = {isa = PBXBuildFile; fileRef = 34781F0D2948B1C3003E0C70 /* SimpleWeatherView.swift */; };
		34781F122948BCA5003E0C70 /* CurrentWeatherViewModel.swift in Sources */ = {isa = PBXBuildFile; fileRef = 34781F112948BCA5003E0C70 /* CurrentWeatherViewModel.swift */; };
		34A9DED029471C09003E35CC /* NewsApplicationApp.swift in Sources */ = {isa = PBXBuildFile; fileRef = 34A9DECF29471C09003E35CC /* NewsApplicationApp.swift */; };
		34A9DED229471C09003E35CC /* ContentView.swift in Sources */ = {isa = PBXBuildFile; fileRef = 34A9DED129471C09003E35CC /* ContentView.swift */; };
		34A9DED429471C0B003E35CC /* Assets.xcassets in Resources */ = {isa = PBXBuildFile; fileRef = 34A9DED329471C0B003E35CC /* Assets.xcassets */; };
		34A9DED729471C0B003E35CC /* Preview Assets.xcassets in Resources */ = {isa = PBXBuildFile; fileRef = 34A9DED629471C0B003E35CC /* Preview Assets.xcassets */; };
		34A9DEE229471D3A003E35CC /* news.json in Resources */ = {isa = PBXBuildFile; fileRef = 34A9DEE129471D3A003E35CC /* news.json */; };
		34A9DEE429471D66003E35CC /* NewsDataViewModel.swift in Sources */ = {isa = PBXBuildFile; fileRef = 34A9DEE329471D66003E35CC /* NewsDataViewModel.swift */; };
		34A9DEE629471D91003E35CC /* NewsSingleView.swift in Sources */ = {isa = PBXBuildFile; fileRef = 34A9DEE529471D91003E35CC /* NewsSingleView.swift */; };
		34A9DEE829471DF1003E35CC /* NewsListView.swift in Sources */ = {isa = PBXBuildFile; fileRef = 34A9DEE729471DF1003E35CC /* NewsListView.swift */; };
		34A9DEEA29471E25003E35CC /* NewsData.swift in Sources */ = {isa = PBXBuildFile; fileRef = 34A9DEE929471E25003E35CC /* NewsData.swift */; };
		34A9DEEC29471E57003E35CC /* NewsAPI.swift in Sources */ = {isa = PBXBuildFile; fileRef = 34A9DEEB29471E57003E35CC /* NewsAPI.swift */; };
		34A9DEEE29471E85003E35CC /* NewsCategory.swift in Sources */ = {isa = PBXBuildFile; fileRef = 34A9DEED29471E85003E35CC /* NewsCategory.swift */; };
		34A9DEF029471E9B003E35CC /* NewsCountry.swift in Sources */ = {isa = PBXBuildFile; fileRef = 34A9DEEF29471E9B003E35CC /* NewsCountry.swift */; };
		34A9DEF229472A1A003E35CC /* NewsFavouritesViewModel.swift in Sources */ = {isa = PBXBuildFile; fileRef = 34A9DEF129472A1A003E35CC /* NewsFavouritesViewModel.swift */; };
		34A9DEF429472AC1003E35CC /* RealmManager.swift in Sources */ = {isa = PBXBuildFile; fileRef = 34A9DEF329472AC1003E35CC /* RealmManager.swift */; };
		34A9DEF629476323003E35CC /* NewsFavouritesListView.swift in Sources */ = {isa = PBXBuildFile; fileRef = 34A9DEF529476323003E35CC /* NewsFavouritesListView.swift */; };
/* End PBXBuildFile section */

/* Begin PBXFileReference section */
		1D2CBDCB13FDE37903E69290 /* Pods-NewsApplication.release.xcconfig */ = {isa = PBXFileReference; includeInIndex = 1; lastKnownFileType = text.xcconfig; name = "Pods-NewsApplication.release.xcconfig"; path = "Target Support Files/Pods-NewsApplication/Pods-NewsApplication.release.xcconfig"; sourceTree = "<group>"; };
		34781EFB29486581003E0C70 /* CustomTabBar.swift */ = {isa = PBXFileReference; lastKnownFileType = sourcecode.swift; path = CustomTabBar.swift; sourceTree = "<group>"; };
		34781EFD294872E7003E0C70 /* currentWeather.json */ = {isa = PBXFileReference; lastKnownFileType = text.json; path = currentWeather.json; sourceTree = "<group>"; };
		34781EFF29487302003E0C70 /* forecastWeather.json */ = {isa = PBXFileReference; lastKnownFileType = text.json; path = forecastWeather.json; sourceTree = "<group>"; };
		34781F0129487382003E0C70 /* NewsSearchView.swift */ = {isa = PBXFileReference; lastKnownFileType = sourcecode.swift; path = NewsSearchView.swift; sourceTree = "<group>"; };
		34781F032948A5A6003E0C70 /* SettingsView.swift */ = {isa = PBXFileReference; lastKnownFileType = sourcecode.swift; path = SettingsView.swift; sourceTree = "<group>"; };
		34781F052948AB12003E0C70 /* NewsHomeView.swift */ = {isa = PBXFileReference; lastKnownFileType = sourcecode.swift; path = NewsHomeView.swift; sourceTree = "<group>"; };
		34781F072948B0AF003E0C70 /* WeatherAPI.swift */ = {isa = PBXFileReference; lastKnownFileType = sourcecode.swift; path = WeatherAPI.swift; sourceTree = "<group>"; };
		34781F092948B0D7003E0C70 /* CurrentWeatherData.swift */ = {isa = PBXFileReference; lastKnownFileType = sourcecode.swift; path = CurrentWeatherData.swift; sourceTree = "<group>"; };
		34781F0B2948B0FA003E0C70 /* ForecastWeatherData.swift */ = {isa = PBXFileReference; lastKnownFileType = sourcecode.swift; path = ForecastWeatherData.swift; sourceTree = "<group>"; };
		34781F0D2948B1C3003E0C70 /* SimpleWeatherView.swift */ = {isa = PBXFileReference; lastKnownFileType = sourcecode.swift; path = SimpleWeatherView.swift; sourceTree = "<group>"; };
		34781F112948BCA5003E0C70 /* CurrentWeatherViewModel.swift */ = {isa = PBXFileReference; lastKnownFileType = sourcecode.swift; path = CurrentWeatherViewModel.swift; sourceTree = "<group>"; };
		34A9DECC29471C09003E35CC /* NewsApplication.app */ = {isa = PBXFileReference; explicitFileType = wrapper.application; includeInIndex = 0; path = NewsApplication.app; sourceTree = BUILT_PRODUCTS_DIR; };
		34A9DECF29471C09003E35CC /* NewsApplicationApp.swift */ = {isa = PBXFileReference; lastKnownFileType = sourcecode.swift; path = NewsApplicationApp.swift; sourceTree = "<group>"; };
		34A9DED129471C09003E35CC /* ContentView.swift */ = {isa = PBXFileReference; lastKnownFileType = sourcecode.swift; path = ContentView.swift; sourceTree = "<group>"; };
		34A9DED329471C0B003E35CC /* Assets.xcassets */ = {isa = PBXFileReference; lastKnownFileType = folder.assetcatalog; path = Assets.xcassets; sourceTree = "<group>"; };
		34A9DED629471C0B003E35CC /* Preview Assets.xcassets */ = {isa = PBXFileReference; lastKnownFileType = folder.assetcatalog; path = "Preview Assets.xcassets"; sourceTree = "<group>"; };
		34A9DEE129471D3A003E35CC /* news.json */ = {isa = PBXFileReference; lastKnownFileType = text.json; path = news.json; sourceTree = "<group>"; };
		34A9DEE329471D66003E35CC /* NewsDataViewModel.swift */ = {isa = PBXFileReference; lastKnownFileType = sourcecode.swift; path = NewsDataViewModel.swift; sourceTree = "<group>"; };
		34A9DEE529471D91003E35CC /* NewsSingleView.swift */ = {isa = PBXFileReference; lastKnownFileType = sourcecode.swift; path = NewsSingleView.swift; sourceTree = "<group>"; };
		34A9DEE729471DF1003E35CC /* NewsListView.swift */ = {isa = PBXFileReference; lastKnownFileType = sourcecode.swift; path = NewsListView.swift; sourceTree = "<group>"; };
		34A9DEE929471E25003E35CC /* NewsData.swift */ = {isa = PBXFileReference; lastKnownFileType = sourcecode.swift; path = NewsData.swift; sourceTree = "<group>"; };
		34A9DEEB29471E57003E35CC /* NewsAPI.swift */ = {isa = PBXFileReference; lastKnownFileType = sourcecode.swift; path = NewsAPI.swift; sourceTree = "<group>"; };
		34A9DEED29471E85003E35CC /* NewsCategory.swift */ = {isa = PBXFileReference; lastKnownFileType = sourcecode.swift; path = NewsCategory.swift; sourceTree = "<group>"; };
		34A9DEEF29471E9B003E35CC /* NewsCountry.swift */ = {isa = PBXFileReference; lastKnownFileType = sourcecode.swift; path = NewsCountry.swift; sourceTree = "<group>"; };
		34A9DEF129472A1A003E35CC /* NewsFavouritesViewModel.swift */ = {isa = PBXFileReference; lastKnownFileType = sourcecode.swift; path = NewsFavouritesViewModel.swift; sourceTree = "<group>"; };
		34A9DEF329472AC1003E35CC /* RealmManager.swift */ = {isa = PBXFileReference; lastKnownFileType = sourcecode.swift; path = RealmManager.swift; sourceTree = "<group>"; };
		34A9DEF529476323003E35CC /* NewsFavouritesListView.swift */ = {isa = PBXFileReference; lastKnownFileType = sourcecode.swift; path = NewsFavouritesListView.swift; sourceTree = "<group>"; };
		34E697A129476A9C0014BBCD /* Info.plist */ = {isa = PBXFileReference; lastKnownFileType = text.plist; path = Info.plist; sourceTree = "<group>"; };
		49E197512DB53F66990F478E /* Pods-NewsApplication.debug.xcconfig */ = {isa = PBXFileReference; includeInIndex = 1; lastKnownFileType = text.xcconfig; name = "Pods-NewsApplication.debug.xcconfig"; path = "Target Support Files/Pods-NewsApplication/Pods-NewsApplication.debug.xcconfig"; sourceTree = "<group>"; };
		F168CF79FBBADD14A26530EB /* Pods_NewsApplication.framework */ = {isa = PBXFileReference; explicitFileType = wrapper.framework; includeInIndex = 0; path = Pods_NewsApplication.framework; sourceTree = BUILT_PRODUCTS_DIR; };
/* End PBXFileReference section */

/* Begin PBXFrameworksBuildPhase section */
		34A9DEC929471C09003E35CC /* Frameworks */ = {
			isa = PBXFrameworksBuildPhase;
			buildActionMask = 2147483647;
			files = (
				29045819BE9034E89FAFD9C4 /* Pods_NewsApplication.framework in Frameworks */,
			);
			runOnlyForDeploymentPostprocessing = 0;
		};
/* End PBXFrameworksBuildPhase section */

/* Begin PBXGroup section */
		34A9DEC329471C09003E35CC = {
			isa = PBXGroup;
			children = (
				34A9DECE29471C09003E35CC /* NewsApplication */,
				34A9DECD29471C09003E35CC /* Products */,
				C366CCD2F634F565BC019050 /* Pods */,
				D2D20813CD35C3B98309DD45 /* Frameworks */,
			);
			sourceTree = "<group>";
		};
		34A9DECD29471C09003E35CC /* Products */ = {
			isa = PBXGroup;
			children = (
				34A9DECC29471C09003E35CC /* NewsApplication.app */,
			);
			name = Products;
			sourceTree = "<group>";
		};
		34A9DECE29471C09003E35CC /* NewsApplication */ = {
			isa = PBXGroup;
			children = (
				34E697A129476A9C0014BBCD /* Info.plist */,
				34A9DED129471C09003E35CC /* ContentView.swift */,
				34A9DECF29471C09003E35CC /* NewsApplicationApp.swift */,
				34A9DEF329472AC1003E35CC /* RealmManager.swift */,
				34A9DEE029471CF7003E35CC /* API */,
				34A9DEDF29471CE8003E35CC /* View */,
				34A9DEDE29471CDE003E35CC /* ViewModel */,
				34A9DEDD29471CD6003E35CC /* Model */,
				34A9DEE129471D3A003E35CC /* news.json */,
				34781EFD294872E7003E0C70 /* currentWeather.json */,
				34781EFF29487302003E0C70 /* forecastWeather.json */,
				34A9DED329471C0B003E35CC /* Assets.xcassets */,
				34A9DED529471C0B003E35CC /* Preview Content */,
			);
			path = NewsApplication;
			sourceTree = "<group>";
		};
		34A9DED529471C0B003E35CC /* Preview Content */ = {
			isa = PBXGroup;
			children = (
				34A9DED629471C0B003E35CC /* Preview Assets.xcassets */,
			);
			path = "Preview Content";
			sourceTree = "<group>";
		};
		34A9DEDD29471CD6003E35CC /* Model */ = {
			isa = PBXGroup;
			children = (
				34A9DEE929471E25003E35CC /* NewsData.swift */,
				34A9DEED29471E85003E35CC /* NewsCategory.swift */,
				34A9DEEF29471E9B003E35CC /* NewsCountry.swift */,
				34781F092948B0D7003E0C70 /* CurrentWeatherData.swift */,
				34781F0B2948B0FA003E0C70 /* ForecastWeatherData.swift */,
			);
			path = Model;
			sourceTree = "<group>";
		};
		34A9DEDE29471CDE003E35CC /* ViewModel */ = {
			isa = PBXGroup;
			children = (
				34A9DEE329471D66003E35CC /* NewsDataViewModel.swift */,
				34A9DEF129472A1A003E35CC /* NewsFavouritesViewModel.swift */,
				34781F112948BCA5003E0C70 /* CurrentWeatherViewModel.swift */,
			);
			path = ViewModel;
			sourceTree = "<group>";
		};
		34A9DEDF29471CE8003E35CC /* View */ = {
			isa = PBXGroup;
			children = (
				34781F052948AB12003E0C70 /* NewsHomeView.swift */,
				34A9DEE529471D91003E35CC /* NewsSingleView.swift */,
				34A9DEE729471DF1003E35CC /* NewsListView.swift */,
				34A9DEF529476323003E35CC /* NewsFavouritesListView.swift */,
				34781F0129487382003E0C70 /* NewsSearchView.swift */,
				34781EFB29486581003E0C70 /* CustomTabBar.swift */,
				34781F032948A5A6003E0C70 /* SettingsView.swift */,
				34781F0D2948B1C3003E0C70 /* SimpleWeatherView.swift */,
			);
			path = View;
			sourceTree = "<group>";
		};
		34A9DEE029471CF7003E35CC /* API */ = {
			isa = PBXGroup;
			children = (
				34A9DEEB29471E57003E35CC /* NewsAPI.swift */,
				34781F072948B0AF003E0C70 /* WeatherAPI.swift */,
			);
			path = API;
			sourceTree = "<group>";
		};
		C366CCD2F634F565BC019050 /* Pods */ = {
			isa = PBXGroup;
			children = (
				49E197512DB53F66990F478E /* Pods-NewsApplication.debug.xcconfig */,
				1D2CBDCB13FDE37903E69290 /* Pods-NewsApplication.release.xcconfig */,
			);
			path = Pods;
			sourceTree = "<group>";
		};
		D2D20813CD35C3B98309DD45 /* Frameworks */ = {
			isa = PBXGroup;
			children = (
				F168CF79FBBADD14A26530EB /* Pods_NewsApplication.framework */,
			);
			name = Frameworks;
			sourceTree = "<group>";
		};
/* End PBXGroup section */

/* Begin PBXNativeTarget section */
		34A9DECB29471C09003E35CC /* NewsApplication */ = {
			isa = PBXNativeTarget;
			buildConfigurationList = 34A9DEDA29471C0B003E35CC /* Build configuration list for PBXNativeTarget "NewsApplication" */;
			buildPhases = (
				57AB6DD6CC91D12AFE7B1188 /* [CP] Check Pods Manifest.lock */,
				34A9DEC829471C09003E35CC /* Sources */,
				34A9DEC929471C09003E35CC /* Frameworks */,
				34A9DECA29471C09003E35CC /* Resources */,
				1F90210D8020D03936156D71 /* [CP] Embed Pods Frameworks */,
			);
			buildRules = (
			);
			dependencies = (
			);
			name = NewsApplication;
			productName = NewsApplication;
			productReference = 34A9DECC29471C09003E35CC /* NewsApplication.app */;
			productType = "com.apple.product-type.application";
		};
/* End PBXNativeTarget section */

/* Begin PBXProject section */
		34A9DEC429471C09003E35CC /* Project object */ = {
			isa = PBXProject;
			attributes = {
				BuildIndependentTargetsInParallel = 1;
				LastSwiftUpdateCheck = 1410;
				LastUpgradeCheck = 1410;
				TargetAttributes = {
					34A9DECB29471C09003E35CC = {
						CreatedOnToolsVersion = 14.1;
					};
				};
			};
			buildConfigurationList = 34A9DEC729471C09003E35CC /* Build configuration list for PBXProject "NewsApplication" */;
			compatibilityVersion = "Xcode 14.0";
			developmentRegion = en;
			hasScannedForEncodings = 0;
			knownRegions = (
				en,
				Base,
			);
			mainGroup = 34A9DEC329471C09003E35CC;
			productRefGroup = 34A9DECD29471C09003E35CC /* Products */;
			projectDirPath = "";
			projectRoot = "";
			targets = (
				34A9DECB29471C09003E35CC /* NewsApplication */,
			);
		};
/* End PBXProject section */

/* Begin PBXResourcesBuildPhase section */
		34A9DECA29471C09003E35CC /* Resources */ = {
			isa = PBXResourcesBuildPhase;
			buildActionMask = 2147483647;
			files = (
				34A9DEE229471D3A003E35CC /* news.json in Resources */,
				34A9DED729471C0B003E35CC /* Preview Assets.xcassets in Resources */,
				34781EFE294872E7003E0C70 /* currentWeather.json in Resources */,
				34A9DED429471C0B003E35CC /* Assets.xcassets in Resources */,
				34781F0029487302003E0C70 /* forecastWeather.json in Resources */,
			);
			runOnlyForDeploymentPostprocessing = 0;
		};
/* End PBXResourcesBuildPhase section */

/* Begin PBXShellScriptBuildPhase section */
		1F90210D8020D03936156D71 /* [CP] Embed Pods Frameworks */ = {
			isa = PBXShellScriptBuildPhase;
			buildActionMask = 2147483647;
			files = (
			);
			inputFileListPaths = (
				"${PODS_ROOT}/Target Support Files/Pods-NewsApplication/Pods-NewsApplication-frameworks-${CONFIGURATION}-input-files.xcfilelist",
			);
			name = "[CP] Embed Pods Frameworks";
			outputFileListPaths = (
				"${PODS_ROOT}/Target Support Files/Pods-NewsApplication/Pods-NewsApplication-frameworks-${CONFIGURATION}-output-files.xcfilelist",
			);
			runOnlyForDeploymentPostprocessing = 0;
			shellPath = /bin/sh;
			shellScript = "\"${PODS_ROOT}/Target Support Files/Pods-NewsApplication/Pods-NewsApplication-frameworks.sh\"\n";
			showEnvVarsInLog = 0;
		};
		57AB6DD6CC91D12AFE7B1188 /* [CP] Check Pods Manifest.lock */ = {
			isa = PBXShellScriptBuildPhase;
			buildActionMask = 2147483647;
			files = (
			);
			inputFileListPaths = (
			);
			inputPaths = (
				"${PODS_PODFILE_DIR_PATH}/Podfile.lock",
				"${PODS_ROOT}/Manifest.lock",
			);
			name = "[CP] Check Pods Manifest.lock";
			outputFileListPaths = (
			);
			outputPaths = (
				"$(DERIVED_FILE_DIR)/Pods-NewsApplication-checkManifestLockResult.txt",
			);
			runOnlyForDeploymentPostprocessing = 0;
			shellPath = /bin/sh;
			shellScript = "diff \"${PODS_PODFILE_DIR_PATH}/Podfile.lock\" \"${PODS_ROOT}/Manifest.lock\" > /dev/null\nif [ $? != 0 ] ; then\n    # print error to STDERR\n    echo \"error: The sandbox is not in sync with the Podfile.lock. Run 'pod install' or update your CocoaPods installation.\" >&2\n    exit 1\nfi\n# This output is used by Xcode 'outputs' to avoid re-running this script phase.\necho \"SUCCESS\" > \"${SCRIPT_OUTPUT_FILE_0}\"\n";
			showEnvVarsInLog = 0;
		};
/* End PBXShellScriptBuildPhase section */

/* Begin PBXSourcesBuildPhase section */
		34A9DEC829471C09003E35CC /* Sources */ = {
			isa = PBXSourcesBuildPhase;
			buildActionMask = 2147483647;
			files = (
				34781F042948A5A6003E0C70 /* SettingsView.swift in Sources */,
				34A9DEF029471E9B003E35CC /* NewsCountry.swift in Sources */,
				34A9DEEE29471E85003E35CC /* NewsCategory.swift in Sources */,
				34A9DEF429472AC1003E35CC /* RealmManager.swift in Sources */,
				34781EFC29486581003E0C70 /* CustomTabBar.swift in Sources */,
				34A9DEF629476323003E35CC /* NewsFavouritesListView.swift in Sources */,
				34781F0C2948B0FA003E0C70 /* ForecastWeatherData.swift in Sources */,
				34781F0E2948B1C3003E0C70 /* SimpleWeatherView.swift in Sources */,
				34A9DEE429471D66003E35CC /* NewsDataViewModel.swift in Sources */,
				34A9DEF229472A1A003E35CC /* NewsFavouritesViewModel.swift in Sources */,
				34A9DEE629471D91003E35CC /* NewsSingleView.swift in Sources */,
				34A9DEEA29471E25003E35CC /* NewsData.swift in Sources */,
				34A9DEE829471DF1003E35CC /* NewsListView.swift in Sources */,
				34A9DED229471C09003E35CC /* ContentView.swift in Sources */,
				34781F0229487382003E0C70 /* NewsSearchView.swift in Sources */,
				34781F082948B0AF003E0C70 /* WeatherAPI.swift in Sources */,
				34781F0A2948B0D7003E0C70 /* CurrentWeatherData.swift in Sources */,
				34A9DEEC29471E57003E35CC /* NewsAPI.swift in Sources */,
				34781F062948AB12003E0C70 /* NewsHomeView.swift in Sources */,
				34A9DED029471C09003E35CC /* NewsApplicationApp.swift in Sources */,
				34781F122948BCA5003E0C70 /* CurrentWeatherViewModel.swift in Sources */,
			);
			runOnlyForDeploymentPostprocessing = 0;
		};
/* End PBXSourcesBuildPhase section */

/* Begin XCBuildConfiguration section */
		34A9DED829471C0B003E35CC /* Debug */ = {
			isa = XCBuildConfiguration;
			buildSettings = {
				ALWAYS_SEARCH_USER_PATHS = NO;
				CLANG_ANALYZER_NONNULL = YES;
				CLANG_ANALYZER_NUMBER_OBJECT_CONVERSION = YES_AGGRESSIVE;
				CLANG_CXX_LANGUAGE_STANDARD = "gnu++20";
				CLANG_ENABLE_MODULES = YES;
				CLANG_ENABLE_OBJC_ARC = YES;
				CLANG_ENABLE_OBJC_WEAK = YES;
				CLANG_WARN_BLOCK_CAPTURE_AUTORELEASING = YES;
				CLANG_WARN_BOOL_CONVERSION = YES;
				CLANG_WARN_COMMA = YES;
				CLANG_WARN_CONSTANT_CONVERSION = YES;
				CLANG_WARN_DEPRECATED_OBJC_IMPLEMENTATIONS = YES;
				CLANG_WARN_DIRECT_OBJC_ISA_USAGE = YES_ERROR;
				CLANG_WARN_DOCUMENTATION_COMMENTS = YES;
				CLANG_WARN_EMPTY_BODY = YES;
				CLANG_WARN_ENUM_CONVERSION = YES;
				CLANG_WARN_INFINITE_RECURSION = YES;
				CLANG_WARN_INT_CONVERSION = YES;
				CLANG_WARN_NON_LITERAL_NULL_CONVERSION = YES;
				CLANG_WARN_OBJC_IMPLICIT_RETAIN_SELF = YES;
				CLANG_WARN_OBJC_LITERAL_CONVERSION = YES;
				CLANG_WARN_OBJC_ROOT_CLASS = YES_ERROR;
				CLANG_WARN_QUOTED_INCLUDE_IN_FRAMEWORK_HEADER = YES;
				CLANG_WARN_RANGE_LOOP_ANALYSIS = YES;
				CLANG_WARN_STRICT_PROTOTYPES = YES;
				CLANG_WARN_SUSPICIOUS_MOVE = YES;
				CLANG_WARN_UNGUARDED_AVAILABILITY = YES_AGGRESSIVE;
				CLANG_WARN_UNREACHABLE_CODE = YES;
				CLANG_WARN__DUPLICATE_METHOD_MATCH = YES;
				COPY_PHASE_STRIP = NO;
				DEBUG_INFORMATION_FORMAT = dwarf;
				ENABLE_STRICT_OBJC_MSGSEND = YES;
				ENABLE_TESTABILITY = YES;
				GCC_C_LANGUAGE_STANDARD = gnu11;
				GCC_DYNAMIC_NO_PIC = NO;
				GCC_NO_COMMON_BLOCKS = YES;
				GCC_OPTIMIZATION_LEVEL = 0;
				GCC_PREPROCESSOR_DEFINITIONS = (
					"DEBUG=1",
					"$(inherited)",
				);
				GCC_WARN_64_TO_32_BIT_CONVERSION = YES;
				GCC_WARN_ABOUT_RETURN_TYPE = YES_ERROR;
				GCC_WARN_UNDECLARED_SELECTOR = YES;
				GCC_WARN_UNINITIALIZED_AUTOS = YES_AGGRESSIVE;
				GCC_WARN_UNUSED_FUNCTION = YES;
				GCC_WARN_UNUSED_VARIABLE = YES;
				IPHONEOS_DEPLOYMENT_TARGET = 16.1;
				MTL_ENABLE_DEBUG_INFO = INCLUDE_SOURCE;
				MTL_FAST_MATH = YES;
				ONLY_ACTIVE_ARCH = YES;
				SDKROOT = iphoneos;
				SWIFT_ACTIVE_COMPILATION_CONDITIONS = DEBUG;
				SWIFT_OPTIMIZATION_LEVEL = "-Onone";
			};
			name = Debug;
		};
		34A9DED929471C0B003E35CC /* Release */ = {
			isa = XCBuildConfiguration;
			buildSettings = {
				ALWAYS_SEARCH_USER_PATHS = NO;
				CLANG_ANALYZER_NONNULL = YES;
				CLANG_ANALYZER_NUMBER_OBJECT_CONVERSION = YES_AGGRESSIVE;
				CLANG_CXX_LANGUAGE_STANDARD = "gnu++20";
				CLANG_ENABLE_MODULES = YES;
				CLANG_ENABLE_OBJC_ARC = YES;
				CLANG_ENABLE_OBJC_WEAK = YES;
				CLANG_WARN_BLOCK_CAPTURE_AUTORELEASING = YES;
				CLANG_WARN_BOOL_CONVERSION = YES;
				CLANG_WARN_COMMA = YES;
				CLANG_WARN_CONSTANT_CONVERSION = YES;
				CLANG_WARN_DEPRECATED_OBJC_IMPLEMENTATIONS = YES;
				CLANG_WARN_DIRECT_OBJC_ISA_USAGE = YES_ERROR;
				CLANG_WARN_DOCUMENTATION_COMMENTS = YES;
				CLANG_WARN_EMPTY_BODY = YES;
				CLANG_WARN_ENUM_CONVERSION = YES;
				CLANG_WARN_INFINITE_RECURSION = YES;
				CLANG_WARN_INT_CONVERSION = YES;
				CLANG_WARN_NON_LITERAL_NULL_CONVERSION = YES;
				CLANG_WARN_OBJC_IMPLICIT_RETAIN_SELF = YES;
				CLANG_WARN_OBJC_LITERAL_CONVERSION = YES;
				CLANG_WARN_OBJC_ROOT_CLASS = YES_ERROR;
				CLANG_WARN_QUOTED_INCLUDE_IN_FRAMEWORK_HEADER = YES;
				CLANG_WARN_RANGE_LOOP_ANALYSIS = YES;
				CLANG_WARN_STRICT_PROTOTYPES = YES;
				CLANG_WARN_SUSPICIOUS_MOVE = YES;
				CLANG_WARN_UNGUARDED_AVAILABILITY = YES_AGGRESSIVE;
				CLANG_WARN_UNREACHABLE_CODE = YES;
				CLANG_WARN__DUPLICATE_METHOD_MATCH = YES;
				COPY_PHASE_STRIP = NO;
				DEBUG_INFORMATION_FORMAT = "dwarf-with-dsym";
				ENABLE_NS_ASSERTIONS = NO;
				ENABLE_STRICT_OBJC_MSGSEND = YES;
				GCC_C_LANGUAGE_STANDARD = gnu11;
				GCC_NO_COMMON_BLOCKS = YES;
				GCC_WARN_64_TO_32_BIT_CONVERSION = YES;
				GCC_WARN_ABOUT_RETURN_TYPE = YES_ERROR;
				GCC_WARN_UNDECLARED_SELECTOR = YES;
				GCC_WARN_UNINITIALIZED_AUTOS = YES_AGGRESSIVE;
				GCC_WARN_UNUSED_FUNCTION = YES;
				GCC_WARN_UNUSED_VARIABLE = YES;
				IPHONEOS_DEPLOYMENT_TARGET = 16.1;
				MTL_ENABLE_DEBUG_INFO = NO;
				MTL_FAST_MATH = YES;
				SDKROOT = iphoneos;
				SWIFT_COMPILATION_MODE = wholemodule;
				SWIFT_OPTIMIZATION_LEVEL = "-O";
				VALIDATE_PRODUCT = YES;
			};
			name = Release;
		};
		34A9DEDB29471C0B003E35CC /* Debug */ = {
			isa = XCBuildConfiguration;
			baseConfigurationReference = 49E197512DB53F66990F478E /* Pods-NewsApplication.debug.xcconfig */;
			buildSettings = {
				ASSETCATALOG_COMPILER_APPICON_NAME = AppIcon;
				ASSETCATALOG_COMPILER_GLOBAL_ACCENT_COLOR_NAME = AccentColor;
				CODE_SIGN_STYLE = Automatic;
				CURRENT_PROJECT_VERSION = 1;
				DEVELOPMENT_ASSET_PATHS = "\"NewsApplication/Preview Content\"";
				ENABLE_PREVIEWS = YES;
				GENERATE_INFOPLIST_FILE = YES;
				INFOPLIST_FILE = NewsApplication/Info.plist;
				INFOPLIST_KEY_UIApplicationSceneManifest_Generation = YES;
				INFOPLIST_KEY_UIApplicationSupportsIndirectInputEvents = YES;
				INFOPLIST_KEY_UILaunchScreen_Generation = YES;
				INFOPLIST_KEY_UISupportedInterfaceOrientations_iPad = "UIInterfaceOrientationPortrait UIInterfaceOrientationPortraitUpsideDown UIInterfaceOrientationLandscapeLeft UIInterfaceOrientationLandscapeRight";
				INFOPLIST_KEY_UISupportedInterfaceOrientations_iPhone = "UIInterfaceOrientationPortrait UIInterfaceOrientationLandscapeLeft UIInterfaceOrientationLandscapeRight";
				LD_RUNPATH_SEARCH_PATHS = (
					"$(inherited)",
					"@executable_path/Frameworks",
				);
				MARKETING_VERSION = 1.0;
				PRODUCT_BUNDLE_IDENTIFIER = com.ValtersS.NewsApplication;
				PRODUCT_NAME = "$(TARGET_NAME)";
				SWIFT_EMIT_LOC_STRINGS = YES;
				SWIFT_VERSION = 5.0;
				TARGETED_DEVICE_FAMILY = "1,2";
			};
			name = Debug;
		};
		34A9DEDC29471C0B003E35CC /* Release */ = {
			isa = XCBuildConfiguration;
			baseConfigurationReference = 1D2CBDCB13FDE37903E69290 /* Pods-NewsApplication.release.xcconfig */;
			buildSettings = {
				ASSETCATALOG_COMPILER_APPICON_NAME = AppIcon;
				ASSETCATALOG_COMPILER_GLOBAL_ACCENT_COLOR_NAME = AccentColor;
				CODE_SIGN_STYLE = Automatic;
				CURRENT_PROJECT_VERSION = 1;
				DEVELOPMENT_ASSET_PATHS = "\"NewsApplication/Preview Content\"";
				ENABLE_PREVIEWS = YES;
				GENERATE_INFOPLIST_FILE = YES;
				INFOPLIST_FILE = NewsApplication/Info.plist;
				INFOPLIST_KEY_UIApplicationSceneManifest_Generation = YES;
				INFOPLIST_KEY_UIApplicationSupportsIndirectInputEvents = YES;
				INFOPLIST_KEY_UILaunchScreen_Generation = YES;
				INFOPLIST_KEY_UISupportedInterfaceOrientations_iPad = "UIInterfaceOrientationPortrait UIInterfaceOrientationPortraitUpsideDown UIInterfaceOrientationLandscapeLeft UIInterfaceOrientationLandscapeRight";
				INFOPLIST_KEY_UISupportedInterfaceOrientations_iPhone = "UIInterfaceOrientationPortrait UIInterfaceOrientationLandscapeLeft UIInterfaceOrientationLandscapeRight";
				LD_RUNPATH_SEARCH_PATHS = (
					"$(inherited)",
					"@executable_path/Frameworks",
				);
				MARKETING_VERSION = 1.0;
				PRODUCT_BUNDLE_IDENTIFIER = com.ValtersS.NewsApplication;
				PRODUCT_NAME = "$(TARGET_NAME)";
				SWIFT_EMIT_LOC_STRINGS = YES;
				SWIFT_VERSION = 5.0;
				TARGETED_DEVICE_FAMILY = "1,2";
			};
			name = Release;
		};
/* End XCBuildConfiguration section */

/* Begin XCConfigurationList section */
		34A9DEC729471C09003E35CC /* Build configuration list for PBXProject "NewsApplication" */ = {
			isa = XCConfigurationList;
			buildConfigurations = (
				34A9DED829471C0B003E35CC /* Debug */,
				34A9DED929471C0B003E35CC /* Release */,
			);
			defaultConfigurationIsVisible = 0;
			defaultConfigurationName = Release;
		};
		34A9DEDA29471C0B003E35CC /* Build configuration list for PBXNativeTarget "NewsApplication" */ = {
			isa = XCConfigurationList;
			buildConfigurations = (
				34A9DEDB29471C0B003E35CC /* Debug */,
				34A9DEDC29471C0B003E35CC /* Release */,
			);
			defaultConfigurationIsVisible = 0;
			defaultConfigurationName = Release;
		};
/* End XCConfigurationList section */
	};
	rootObject = 34A9DEC429471C09003E35CC /* Project object */;
}
